
Microsoft Visual Studio Solution File, Format Version 12.00
# Visual Studio Version 16
VisualStudioVersion = 16.0.31019.35
MinimumVisualStudioVersion = 10.0.40219.1
Project("{FAE04EC0-301F-11D3-BF4B-00C04F79EFBC}") = "VatEurope", "VatEurope\VatEurope.csproj", "{748F9352-5123-4C5B-866B-ED16F2B64A1A}"
EndProject
Global
	GlobalSection(SolutionConfigurationPlatforms) = preSolution
		Debug|Any CPU = Debug|Any CPU
		Release|Any CPU = Release|Any CPU
	EndGlobalSection
	GlobalSection(ProjectConfigurationPlatforms) = postSolution
		{748F9352-5123-4C5B-866B-ED16F2B64A1A}.Debug|Any CPU.ActiveCfg = Debug|Any CPU
		{748F9352-5123-4C5B-866B-ED16F2B64A1A}.Debug|Any CPU.Build.0 = Debug|Any CPU
		{748F9352-5123-4C5B-866B-ED16F2B64A1A}.Release|Any CPU.ActiveCfg = Release|Any CPU
		{748F9352-5123-4C5B-866B-ED16F2B64A1A}.Release|Any CPU.Build.0 = Release|Any CPU
	EndGlobalSection
	GlobalSection(SolutionProperties) = preSolution
		HideSolutionNode = FALSE
	EndGlobalSection
	GlobalSection(ExtensibilityGlobals) = postSolution
		SolutionGuid = {F30E4E04-0A84-4057-A9D1-B10D2B000951}
	EndGlobalSection
EndGlobal
